// !$*UTF8*$!
{
	archiveVersion = 1;
	classes = {
	};
	objectVersion = 50;
	objects = {

/* Begin PBXBuildFile section */
		BAC703EC24BED6F3007CCFF2 /* AppDelegate.swift in Sources */ = {isa = PBXBuildFile; fileRef = BAC703EB24BED6F3007CCFF2 /* AppDelegate.swift */; };
		BAC703EE24BED6F3007CCFF2 /* SceneDelegate.swift in Sources */ = {isa = PBXBuildFile; fileRef = BAC703ED24BED6F3007CCFF2 /* SceneDelegate.swift */; };
		BAC703F024BED6F3007CCFF2 /* ViewController.swift in Sources */ = {isa = PBXBuildFile; fileRef = BAC703EF24BED6F3007CCFF2 /* ViewController.swift */; };
		BAC703F324BED6F3007CCFF2 /* Main.storyboard in Resources */ = {isa = PBXBuildFile; fileRef = BAC703F124BED6F3007CCFF2 /* Main.storyboard */; };
		BAC703F524BED6F7007CCFF2 /* Assets.xcassets in Resources */ = {isa = PBXBuildFile; fileRef = BAC703F424BED6F7007CCFF2 /* Assets.xcassets */; };
		BAC703F824BED6F7007CCFF2 /* LaunchScreen.storyboard in Resources */ = {isa = PBXBuildFile; fileRef = BAC703F624BED6F7007CCFF2 /* LaunchScreen.storyboard */; };
/* End PBXBuildFile section */

/* Begin PBXFileReference section */
		BAC703E824BED6F3007CCFF2 /* AutoLayoutSample.app */ = {isa = PBXFileReference; explicitFileType = wrapper.application; includeInIndex = 0; path = AutoLayoutSample.app; sourceTree = BUILT_PRODUCTS_DIR; };
		BAC703EB24BED6F3007CCFF2 /* AppDelegate.swift */ = {isa = PBXFileReference; lastKnownFileType = sourcecode.swift; path = AppDelegate.swift; sourceTree = "<group>"; };
		BAC703ED24BED6F3007CCFF2 /* SceneDelegate.swift */ = {isa = PBXFileReference; lastKnownFileType = sourcecode.swift; path = SceneDelegate.swift; sourceTree = "<group>"; };
		BAC703EF24BED6F3007CCFF2 /* ViewController.swift */ = {isa = PBXFileReference; lastKnownFileType = sourcecode.swift; path = ViewController.swift; sourceTree = "<group>"; };
		BAC703F224BED6F3007CCFF2 /* Base */ = {isa = PBXFileReference; lastKnownFileType = file.storyboard; name = Base; path = Base.lproj/Main.storyboard; sourceTree = "<group>"; };
		BAC703F424BED6F7007CCFF2 /* Assets.xcassets */ = {isa = PBXFileReference; lastKnownFileType = folder.assetcatalog; path = Assets.xcassets; sourceTree = "<group>"; };
		BAC703F724BED6F7007CCFF2 /* Base */ = {isa = PBXFileReference; lastKnownFileType = file.storyboard; name = Base; path = Base.lproj/LaunchScreen.storyboard; sourceTree = "<group>"; };
		BAC703F924BED6F7007CCFF2 /* Info.plist */ = {isa = PBXFileReference; lastKnownFileType = text.plist.xml; path = Info.plist; sourceTree = "<group>"; };
/* End PBXFileReference section */

/* Begin PBXFrameworksBuildPhase section */
		BAC703E524BED6F3007CCFF2 /* Frameworks */ = {
			isa = PBXFrameworksBuildPhase;
			buildActionMask = 2147483647;
			files = (
			);
			runOnlyForDeploymentPostprocessing = 0;
		};
/* End PBXFrameworksBuildPhase section */

/* Begin PBXGroup section */
		BAC703DF24BED6F3007CCFF2 = {
			isa = PBXGroup;
			children = (
				BAC703EA24BED6F3007CCFF2 /* AutoLayoutSample */,
				BAC703E924BED6F3007CCFF2 /* Products */,
			);
			sourceTree = "<group>";
		};
		BAC703E924BED6F3007CCFF2 /* Products */ = {
			isa = PBXGroup;
			children = (
				BAC703E824BED6F3007CCFF2 /* AutoLayoutSample.app */,
			);
			name = Products;
			sourceTree = "<group>";
		};
		BAC703EA24BED6F3007CCFF2 /* AutoLayoutSample */ = {
			isa = PBXGroup;
			children = (
				BAC703EB24BED6F3007CCFF2 /* AppDelegate.swift */,
				BAC703ED24BED6F3007CCFF2 /* SceneDelegate.swift */,
				BAC703EF24BED6F3007CCFF2 /* ViewController.swift */,
				BAC703F124BED6F3007CCFF2 /* Main.storyboard */,
				BAC703F424BED6F7007CCFF2 /* Assets.xcassets */,
				BAC703F624BED6F7007CCFF2 /* LaunchScreen.storyboard */,
				BAC703F924BED6F7007CCFF2 /* Info.plist */,
			);
			path = AutoLayoutSample;
			sourceTree = "<group>";
		};
/* End PBXGroup section */

/* Begin PBXNativeTarget section */
		BAC703E724BED6F3007CCFF2 /* AutoLayoutSample */ = {
			isa = PBXNativeTarget;
			buildConfigurationList = BAC703FC24BED6F7007CCFF2 /* Build configuration list for PBXNativeTarget "AutoLayoutSample" */;
			buildPhases = (
				BAC703E424BED6F3007CCFF2 /* Sources */,
				BAC703E524BED6F3007CCFF2 /* Frameworks */,
				BAC703E624BED6F3007CCFF2 /* Resources */,
			);
			buildRules = (
			);
			dependencies = (
			);
			name = AutoLayoutSample;
			productName = AutoLayoutSample;
			productReference = BAC703E824BED6F3007CCFF2 /* AutoLayoutSample.app */;
			productType = "com.apple.product-type.application";
		};
/* End PBXNativeTarget section */

/* Begin PBXProject section */
		BAC703E024BED6F3007CCFF2 /* Project object */ = {
			isa = PBXProject;
			attributes = {
				LastSwiftUpdateCheck = 1150;
				LastUpgradeCheck = 1150;
				ORGANIZATIONNAME = Artemiy;
				TargetAttributes = {
					BAC703E724BED6F3007CCFF2 = {
						CreatedOnToolsVersion = 11.5;
					};
				};
			};
			buildConfigurationList = BAC703E324BED6F3007CCFF2 /* Build configuration list for PBXProject "AutoLayoutSample" */;
			compatibilityVersion = "Xcode 9.3";
			developmentRegion = en;
			hasScannedForEncodings = 0;
			knownRegions = (
				en,
				Base,
			);
			mainGroup = BAC703DF24BED6F3007CCFF2;
			productRefGroup = BAC703E924BED6F3007CCFF2 /* Products */;
			projectDirPath = "";
			projectRoot = "";
			targets = (
				BAC703E724BED6F3007CCFF2 /* AutoLayoutSample */,
			);
		};
/* End PBXProject section */

/* Begin PBXResourcesBuildPhase section */
		BAC703E624BED6F3007CCFF2 /* Resources */ = {
			isa = PBXResourcesBuildPhase;
			buildActionMask = 2147483647;
			files = (
				BAC703F824BED6F7007CCFF2 /* LaunchScreen.storyboard in Resources */,
				BAC703F524BED6F7007CCFF2 /* Assets.xcassets in Resources */,
				BAC703F324BED6F3007CCFF2 /* Main.storyboard in Resources */,
			);
			runOnlyForDeploymentPostprocessing = 0;
		};
/* End PBXResourcesBuildPhase section */

/* Begin PBXSourcesBuildPhase section */
		BAC703E424BED6F3007CCFF2 /* Sources */ = {
			isa = PBXSourcesBuildPhase;
			buildActionMask = 2147483647;
			files = (
				BAC703F024BED6F3007CCFF2 /* ViewController.swift in Sources */,
				BAC703EC24BED6F3007CCFF2 /* AppDelegate.swift in Sources */,
				BAC703EE24BED6F3007CCFF2 /* SceneDelegate.swift in Sources */,
			);
			runOnlyForDeploymentPostprocessing = 0;
		};
/* End PBXSourcesBuildPhase section */

/* Begin PBXVariantGroup section */
		BAC703F124BED6F3007CCFF2 /* Main.storyboard */ = {
			isa = PBXVariantGroup;
			children = (
				BAC703F224BED6F3007CCFF2 /* Base */,
			);
			name = Main.storyboard;
			sourceTree = "<group>";
		};
		BAC703F624BED6F7007CCFF2 /* LaunchScreen.storyboard */ = {
			isa = PBXVariantGroup;
			children = (
				BAC703F724BED6F7007CCFF2 /* Base */,
			);
			name = LaunchScreen.storyboard;
			sourceTree = "<group>";
		};
/* End PBXVariantGroup section */

/* Begin XCBuildConfiguration section */
		BAC703FA24BED6F7007CCFF2 /* Debug */ = {
			isa = XCBuildConfiguration;
			buildSettings = {
				ALWAYS_SEARCH_USER_PATHS = NO;
				CLANG_ANALYZER_NONNULL = YES;
				CLANG_ANALYZER_NUMBER_OBJECT_CONVERSION = YES_AGGRESSIVE;
				CLANG_CXX_LANGUAGE_STANDARD = "gnu++14";
				CLANG_CXX_LIBRARY = "libc++";
				CLANG_ENABLE_MODULES = YES;
				CLANG_ENABLE_OBJC_ARC = YES;
				CLANG_ENABLE_OBJC_WEAK = YES;
				CLANG_WARN_BLOCK_CAPTURE_AUTORELEASING = YES;
				CLANG_WARN_BOOL_CONVERSION = YES;
				CLANG_WARN_COMMA = YES;
				CLANG_WARN_CONSTANT_CONVERSION = YES;
				CLANG_WARN_DEPRECATED_OBJC_IMPLEMENTATIONS = YES;
				CLANG_WARN_DIRECT_OBJC_ISA_USAGE = YES_ERROR;
				CLANG_WARN_DOCUMENTATION_COMMENTS = YES;
				CLANG_WARN_EMPTY_BODY = YES;
				CLANG_WARN_ENUM_CONVERSION = YES;
				CLANG_WARN_INFINITE_RECURSION = YES;
				CLANG_WARN_INT_CONVERSION = YES;
				CLANG_WARN_NON_LITERAL_NULL_CONVERSION = YES;
				CLANG_WARN_OBJC_IMPLICIT_RETAIN_SELF = YES;
				CLANG_WARN_OBJC_LITERAL_CONVERSION = YES;
				CLANG_WARN_OBJC_ROOT_CLASS = YES_ERROR;
				CLANG_WARN_RANGE_LOOP_ANALYSIS = YES;
				CLANG_WARN_STRICT_PROTOTYPES = YES;
				CLANG_WARN_SUSPICIOUS_MOVE = YES;
				CLANG_WARN_UNGUARDED_AVAILABILITY = YES_AGGRESSIVE;
				CLANG_WARN_UNREACHABLE_CODE = YES;
				CLANG_WARN__DUPLICATE_METHOD_MATCH = YES;
				COPY_PHASE_STRIP = NO;
				DEBUG_INFORMATION_FORMAT = dwarf;
				ENABLE_STRICT_OBJC_MSGSEND = YES;
				ENABLE_TESTABILITY = YES;
				GCC_C_LANGUAGE_STANDARD = gnu11;
				GCC_DYNAMIC_NO_PIC = NO;
				GCC_NO_COMMON_BLOCKS = YES;
				GCC_OPTIMIZATION_LEVEL = 0;
				GCC_PREPROCESSOR_DEFINITIONS = (
					"DEBUG=1",
					"$(inherited)",
				);
				GCC_WARN_64_TO_32_BIT_CONVERSION = YES;
				GCC_WARN_ABOUT_RETURN_TYPE = YES_ERROR;
				GCC_WARN_UNDECLARED_SELECTOR = YES;
				GCC_WARN_UNINITIALIZED_AUTOS = YES_AGGRESSIVE;
				GCC_WARN_UNUSED_FUNCTION = YES;
				GCC_WARN_UNUSED_VARIABLE = YES;
				IPHONEOS_DEPLOYMENT_TARGET = 13.5;
				MTL_ENABLE_DEBUG_INFO = INCLUDE_SOURCE;
				MTL_FAST_MATH = YES;
				ONLY_ACTIVE_ARCH = YES;
				SDKROOT = iphoneos;
				SWIFT_ACTIVE_COMPILATION_CONDITIONS = DEBUG;
				SWIFT_OPTIMIZATION_LEVEL = "-Onone";
			};
			name = Debug;
		};
		BAC703FB24BED6F7007CCFF2 /* Release */ = {
			isa = XCBuildConfiguration;
			buildSettings = {
				ALWAYS_SEARCH_USER_PATHS = NO;
				CLANG_ANALYZER_NONNULL = YES;
				CLANG_ANALYZER_NUMBER_OBJECT_CONVERSION = YES_AGGRESSIVE;
				CLANG_CXX_LANGUAGE_STANDARD = "gnu++14";
				CLANG_CXX_LIBRARY = "libc++";
				CLANG_ENABLE_MODULES = YES;
				CLANG_ENABLE_OBJC_ARC = YES;
				CLANG_ENABLE_OBJC_WEAK = YES;
				CLANG_WARN_BLOCK_CAPTURE_AUTORELEASING = YES;
				CLANG_WARN_BOOL_CONVERSION = YES;
				CLANG_WARN_COMMA = YES;
				CLANG_WARN_CONSTANT_CONVERSION = YES;
				CLANG_WARN_DEPRECATED_OBJC_IMPLEMENTATIONS = YES;
				CLANG_WARN_DIRECT_OBJC_ISA_USAGE = YES_ERROR;
				CLANG_WARN_DOCUMENTATION_COMMENTS = YES;
				CLANG_WARN_EMPTY_BODY = YES;
				CLANG_WARN_ENUM_CONVERSION = YES;
				CLANG_WARN_INFINITE_RECURSION = YES;
				CLANG_WARN_INT_CONVERSION = YES;
				CLANG_WARN_NON_LITERAL_NULL_CONVERSION = YES;
				CLANG_WARN_OBJC_IMPLICIT_RETAIN_SELF = YES;
				CLANG_WARN_OBJC_LITERAL_CONVERSION = YES;
				CLANG_WARN_OBJC_ROOT_CLASS = YES_ERROR;
				CLANG_WARN_RANGE_LOOP_ANALYSIS = YES;
				CLANG_WARN_STRICT_PROTOTYPES = YES;
				CLANG_WARN_SUSPICIOUS_MOVE = YES;
				CLANG_WARN_UNGUARDED_AVAILABILITY = YES_AGGRESSIVE;
				CLANG_WARN_UNREACHABLE_CODE = YES;
				CLANG_WARN__DUPLICATE_METHOD_MATCH = YES;
				COPY_PHASE_STRIP = NO;
				DEBUG_INFORMATION_FORMAT = "dwarf-with-dsym";
				ENABLE_NS_ASSERTIONS = NO;
				ENABLE_STRICT_OBJC_MSGSEND = YES;
				GCC_C_LANGUAGE_STANDARD = gnu11;
				GCC_NO_COMMON_BLOCKS = YES;
				GCC_WARN_64_TO_32_BIT_CONVERSION = YES;
				GCC_WARN_ABOUT_RETURN_TYPE = YES_ERROR;
				GCC_WARN_UNDECLARED_SELECTOR = YES;
				GCC_WARN_UNINITIALIZED_AUTOS = YES_AGGRESSIVE;
				GCC_WARN_UNUSED_FUNCTION = YES;
				GCC_WARN_UNUSED_VARIABLE = YES;
				IPHONEOS_DEPLOYMENT_TARGET = 13.5;
				MTL_ENABLE_DEBUG_INFO = NO;
				MTL_FAST_MATH = YES;
				SDKROOT = iphoneos;
				SWIFT_COMPILATION_MODE = wholemodule;
				SWIFT_OPTIMIZATION_LEVEL = "-O";
				VALIDATE_PRODUCT = YES;
			};
			name = Release;
		};
		BAC703FD24BED6F7007CCFF2 /* Debug */ = {
			isa = XCBuildConfiguration;
			buildSettings = {
				ASSETCATALOG_COMPILER_APPICON_NAME = AppIcon;
				CODE_SIGN_STYLE = Automatic;
				DEVELOPMENT_TEAM = 62KXKW7DBU;
				INFOPLIST_FILE = AutoLayoutSample/Info.plist;
				LD_RUNPATH_SEARCH_PATHS = (
					"$(inherited)",
					"@executable_path/Frameworks",
				);
				PRODUCT_BUNDLE_IDENTIFIER = com.artemiy.AutoLayoutSample;
				PRODUCT_NAME = "$(TARGET_NAME)";
				SWIFT_VERSION = 5.0;
				TARGETED_DEVICE_FAMILY = "1,2";
			};
			name = Debug;
		};
		BAC703FE24BED6F7007CCFF2 /* Release */ = {
			isa = XCBuildConfiguration;
			buildSettings = {
				ASSETCATALOG_COMPILER_APPICON_NAME = AppIcon;
				CODE_SIGN_STYLE = Automatic;
				DEVELOPMENT_TEAM = 62KXKW7DBU;
				INFOPLIST_FILE = AutoLayoutSample/Info.plist;
				LD_RUNPATH_SEARCH_PATHS = (
					"$(inherited)",
					"@executable_path/Frameworks",
				);
				PRODUCT_BUNDLE_IDENTIFIER = com.artemiy.AutoLayoutSample;
				PRODUCT_NAME = "$(TARGET_NAME)";
				SWIFT_VERSION = 5.0;
				TARGETED_DEVICE_FAMILY = "1,2";
			};
			name = Release;
		};
/* End XCBuildConfiguration section */

/* Begin XCConfigurationList section */
		BAC703E324BED6F3007CCFF2 /* Build configuration list for PBXProject "AutoLayoutSample" */ = {
			isa = XCConfigurationList;
			buildConfigurations = (
				BAC703FA24BED6F7007CCFF2 /* Debug */,
				BAC703FB24BED6F7007CCFF2 /* Release */,
			);
			defaultConfigurationIsVisible = 0;
			defaultConfigurationName = Release;
		};
		BAC703FC24BED6F7007CCFF2 /* Build configuration list for PBXNativeTarget "AutoLayoutSample" */ = {
			isa = XCConfigurationList;
			buildConfigurations = (
				BAC703FD24BED6F7007CCFF2 /* Debug */,
				BAC703FE24BED6F7007CCFF2 /* Release */,
			);
			defaultConfigurationIsVisible = 0;
			defaultConfigurationName = Release;
		};
/* End XCConfigurationList section */
	};
	rootObject = BAC703E024BED6F3007CCFF2 /* Project object */;
}
